
Microsoft Visual Studio Solution File, Format Version 12.00
# Visual Studio Version 17
VisualStudioVersion = 17.14.36717.8
MinimumVisualStudioVersion = 10.0.40219.1
Project("{FAE04EC0-301F-11D3-BF4B-00C04F79EFBC}") = "FreelanceFinancer.Logging", "FreelanceFinancer.Logging\FreelanceFinancer.Logging.csproj", "{042FAC54-E98F-464A-B510-E6F78C15DFD9}"
EndProject
Project("{FAE04EC0-301F-11D3-BF4B-00C04F79EFBC}") = "FreelanceFinancer.CostCalculations", "FreelanceFinancer.CostCalculations\FreelanceFinancer.CostCalculations.csproj", "{CCE083A5-2044-47ED-8B5F-22F71D7ED334}"
EndProject
Project("{FAE04EC0-301F-11D3-BF4B-00C04F79EFBC}") = "FeelanceFinancer.ExpenseTracking", "FeelanceFinancer.ExpenseTracking\FeelanceFinancer.ExpenseTracking.csproj", "{DA83F97D-9D87-491E-915C-AED2DFAF8E22}"
EndProject
Project("{2150E333-8FDC-42A3-9474-1A3956D46DE8}") = "Solution Items", "Solution Items", "{8EC462FD-D22E-90A8-E5CE-7E832BA40C5D}"
	ProjectSection(SolutionItems) = preProject
		Changelog.txt = Changelog.txt
	EndProjectSection
EndProject
Project("{FAE04EC0-301F-11D3-BF4B-00C04F79EFBC}") = "FreelanceFinancer.Web", "FreelanceFinancer.Web\FreelanceFinancer.Web.csproj", "{669C253B-9AA8-445A-9436-83DFA4F78372}"
EndProject
Project("{FAE04EC0-301F-11D3-BF4B-00C04F79EFBC}") = "ConsoleTestApp", "ConsoleTestApp\ConsoleTestApp.csproj", "{D471CAD5-AA9A-4252-AFAE-4C07C1E4B0FB}"
EndProject
Global
	GlobalSection(SolutionConfigurationPlatforms) = preSolution
		Debug|Any CPU = Debug|Any CPU
		Release|Any CPU = Release|Any CPU
	EndGlobalSection
	GlobalSection(ProjectConfigurationPlatforms) = postSolution
		{042FAC54-E98F-464A-B510-E6F78C15DFD9}.Debug|Any CPU.ActiveCfg = Debug|Any CPU
		{042FAC54-E98F-464A-B510-E6F78C15DFD9}.Debug|Any CPU.Build.0 = Debug|Any CPU
		{042FAC54-E98F-464A-B510-E6F78C15DFD9}.Release|Any CPU.ActiveCfg = Release|Any CPU
		{042FAC54-E98F-464A-B510-E6F78C15DFD9}.Release|Any CPU.Build.0 = Release|Any CPU
		{CCE083A5-2044-47ED-8B5F-22F71D7ED334}.Debug|Any CPU.ActiveCfg = Debug|Any CPU
		{CCE083A5-2044-47ED-8B5F-22F71D7ED334}.Debug|Any CPU.Build.0 = Debug|Any CPU
		{CCE083A5-2044-47ED-8B5F-22F71D7ED334}.Release|Any CPU.ActiveCfg = Release|Any CPU
		{CCE083A5-2044-47ED-8B5F-22F71D7ED334}.Release|Any CPU.Build.0 = Release|Any CPU
		{DA83F97D-9D87-491E-915C-AED2DFAF8E22}.Debug|Any CPU.ActiveCfg = Debug|Any CPU
		{DA83F97D-9D87-491E-915C-AED2DFAF8E22}.Debug|Any CPU.Build.0 = Debug|Any CPU
		{DA83F97D-9D87-491E-915C-AED2DFAF8E22}.Release|Any CPU.ActiveCfg = Release|Any CPU
		{DA83F97D-9D87-491E-915C-AED2DFAF8E22}.Release|Any CPU.Build.0 = Release|Any CPU
		{669C253B-9AA8-445A-9436-83DFA4F78372}.Debug|Any CPU.ActiveCfg = Debug|Any CPU
		{669C253B-9AA8-445A-9436-83DFA4F78372}.Debug|Any CPU.Build.0 = Debug|Any CPU
		{669C253B-9AA8-445A-9436-83DFA4F78372}.Release|Any CPU.ActiveCfg = Release|Any CPU
		{669C253B-9AA8-445A-9436-83DFA4F78372}.Release|Any CPU.Build.0 = Release|Any CPU
		{D471CAD5-AA9A-4252-AFAE-4C07C1E4B0FB}.Debug|Any CPU.ActiveCfg = Debug|Any CPU
		{D471CAD5-AA9A-4252-AFAE-4C07C1E4B0FB}.Debug|Any CPU.Build.0 = Debug|Any CPU
		{D471CAD5-AA9A-4252-AFAE-4C07C1E4B0FB}.Release|Any CPU.ActiveCfg = Release|Any CPU
		{D471CAD5-AA9A-4252-AFAE-4C07C1E4B0FB}.Release|Any CPU.Build.0 = Release|Any CPU
	EndGlobalSection
	GlobalSection(SolutionProperties) = preSolution
		HideSolutionNode = FALSE
	EndGlobalSection
	GlobalSection(ExtensibilityGlobals) = postSolution
		SolutionGuid = {C9FF075A-0675-4BD4-9922-3AC31FF33245}
	EndGlobalSection
EndGlobal
